
Microsoft Visual Studio Solution File, Format Version 12.00
# Visual Studio 15
VisualStudioVersion = 15.0.28307.1145
MinimumVisualStudioVersion = 10.0.40219.1
Project("{FAE04EC0-301F-11D3-BF4B-00C04F79EFBC}") = "ExamApp", "ExamApp\ExamApp.csproj", "{4DB1454C-D4D7-4A7F-8BB9-76BA1F33AA66}"
EndProject
Global
	GlobalSection(SolutionConfigurationPlatforms) = preSolution
		Debug|Any CPU = Debug|Any CPU
		Release|Any CPU = Release|Any CPU
	EndGlobalSection
	GlobalSection(ProjectConfigurationPlatforms) = postSolution
		{4DB1454C-D4D7-4A7F-8BB9-76BA1F33AA66}.Debug|Any CPU.ActiveCfg = Debug|Any CPU
		{4DB1454C-D4D7-4A7F-8BB9-76BA1F33AA66}.Debug|Any CPU.Build.0 = Debug|Any CPU
		{4DB1454C-D4D7-4A7F-8BB9-76BA1F33AA66}.Release|Any CPU.ActiveCfg = Release|Any CPU
		{4DB1454C-D4D7-4A7F-8BB9-76BA1F33AA66}.Release|Any CPU.Build.0 = Release|Any CPU
	EndGlobalSection
	GlobalSection(SolutionProperties) = preSolution
		HideSolutionNode = FALSE
	EndGlobalSection
	GlobalSection(ExtensibilityGlobals) = postSolution
		SolutionGuid = {55AF1BA4-1B08-42F2-9C9A-B67BB31DD7DA}
	EndGlobalSection
EndGlobal
